PODS:
  - Flutter (1.0.0)
  - fluwx (0.0.1):
    - Flutter
    - fluwx/pay (= 0.0.1)
  - fluwx/pay (0.0.1):
    - Flutter
    - WechatOpenSDK-XCFramework (~> 2.0.5)
  - MJExtension (3.4.2)
  - sud_gip_plugin (0.0.3):
    - Flutter
    - MJExtension (~> 3.4.1)
    - SudGIP (~> 1.6.5)
  - SudGIP (1.6.7)
  - WechatOpenSDK-XCFramework (2.0.5)

DEPENDENCIES:
  - Flutter (from `Flutter`)
  - fluwx (from `.symlinks/plugins/fluwx/ios`)
  - sud_gip_plugin (from `.symlinks/plugins/sud_gip_plugin/ios`)

SPEC REPOS:
  trunk:
    - MJExtension
    - SudGIP
    - WechatOpenSDK-XCFramework

EXTERNAL SOURCES:
  Flutter:
    :path: Flutter
  fluwx:
    :path: ".symlinks/plugins/fluwx/ios"
  sud_gip_plugin:
    :path: ".symlinks/plugins/sud_gip_plugin/ios"

SPEC CHECKSUMS:
  Flutter: cabc95a1d2626b1b06e7179b784ebcf0c0cde467
  fluwx: 95a2274c23418c1098940bd00dcfe7c975bb0550
  MJExtension: e97d164cb411aa9795cf576093a1fa208b4a8dd8
  sud_gip_plugin: 9974d7b280cf3acc91f577105f76fa7b2b50fa93
  SudGIP: 0f05fc0f132034dbc542cfbe02168b92a17780fa
  WechatOpenSDK-XCFramework: ff342ae616bb86df3d236aca38059dfd4bc4a949

PODFILE CHECKSUM: 6617c6b94cc50475da51dab4d6bc80ce00da8791

COCOAPODS: 1.16.2
